{
  "name": "homework2",
  "version": "1.0.0",
  "lockfileVersion": 1,
  "requires": true,
  "dependencies": {
    "read-file": {
      "version": "0.2.0",
      "resolved": "https://registry.npmjs.org/read-file/-/read-file-0.2.0.tgz",
      "integrity": "sha1-cMa6+IQux9FUD5gf0Oau1Mgb1UU="
    },
    "readline-sync": {
      "version": "1.4.9",
      "resolved": "https://registry.npmjs.org/readline-sync/-/readline-sync-1.4.9.tgz",
      "integrity": "sha1-PtqOZfI80qF+YTAbHwADOWr17No="
    },
    "stopword": {
      "version": "0.1.10",
      "resolved": "https://registry.npmjs.org/stopword/-/stopword-0.1.10.tgz",
      "integrity": "sha512-hTkU1wXVLbEQNLeOO3FESj0bme6QsNaV5xh13SV7ylSfNVdyzd9nS6lY5D098izFezMmvRMIFEyNcW01LfI+SA=="
    }
  }
}
